{
    "_meta": {
        "hash": {
            "sha256": "c39744136a0084ad08b20e6421ba32850f6e1ecb862b8a91e7b02edcc8854813"
        },
        "pipfile-spec": 6,
        "requires": {
            "python_version": "3.13"
        },
        "sources": [
            {
                "name": "pypi",
                "url": "https://pypi.org/simple",
                "verify_ssl": true
            }
        ]
    },
    "default": {
        "asgiref": {
            "hashes": [
                "sha256:3e1e3ecc849832fe52ccf2cb6686b7a55f82bb1d6aee72a58826471390335e47",
                "sha256:c343bd80a0bec947a9860adb4c432ffa7db769836c64238fc34bdc3fec84d590"
            ],
            "markers": "python_version >= '3.8'",
            "version": "==3.8.1"
        },
        "certifi": {
            "hashes": [
                "sha256:1275f7a45be9464efc1173084eaa30f866fe2e47d389406136d332ed4967ec56",
                "sha256:b650d30f370c2b724812bee08008be0c4163b163ddaec3f2546c1caf65f191db"
            ],
            "markers": "python_version >= '3.6'",
            "version": "==2024.12.14"
        },
        "charset-normalizer": {
            "hashes": [
                "sha256:0167ddc8ab6508fe81860a57dd472b2ef4060e8d378f0cc555707126830f2537",
                "sha256:01732659ba9b5b873fc117534143e4feefecf3b2078b0a6a2e925271bb6f4cfa",
                "sha256:01ad647cdd609225c5350561d084b42ddf732f4eeefe6e678765636791e78b9a",
                "sha256:04432ad9479fa40ec0f387795ddad4437a2b50417c69fa275e212933519ff294",
                "sha256:0907f11d019260cdc3f94fbdb23ff9125f6b5d1039b76003b5b0ac9d6a6c9d5b",
                "sha256:0924e81d3d5e70f8126529951dac65c1010cdf117bb75eb02dd12339b57749dd",
                "sha256:09b26ae6b1abf0d27570633b2b078a2a20419c99d66fb2823173d73f188ce601",
                "sha256:09b5e6733cbd160dcc09589227187e242a30a49ca5cefa5a7edd3f9d19ed53fd",
                "sha256:0af291f4fe114be0280cdd29d533696a77b5b49cfde5467176ecab32353395c4",
                "sha256:0f55e69f030f7163dffe9fd0752b32f070566451afe180f99dbeeb81f511ad8d",
                "sha256:1a2bc9f351a75ef49d664206d51f8e5ede9da246602dc2d2726837620ea034b2",
                "sha256:22e14b5d70560b8dd51ec22863f370d1e595ac3d024cb8ad7d308b4cd95f8313",
                "sha256:234ac59ea147c59ee4da87a0c0f098e9c8d169f4dc2a159ef720f1a61bbe27cd",
                "sha256:2369eea1ee4a7610a860d88f268eb39b95cb588acd7235e02fd5a5601773d4fa",
                "sha256:237bdbe6159cff53b4f24f397d43c6336c6b0b42affbe857970cefbb620911c8",
                "sha256:28bf57629c75e810b6ae989f03c0828d64d6b26a5e205535585f96093e405ed1",
                "sha256:2967f74ad52c3b98de4c3b32e1a44e32975e008a9cd2a8cc8966d6a5218c5cb2",
                "sha256:2a75d49014d118e4198bcee5ee0a6f25856b29b12dbf7cd012791f8a6cc5c496",
                "sha256:2bdfe3ac2e1bbe5b59a1a63721eb3b95fc9b6817ae4a46debbb4e11f6232428d",
                "sha256:2d074908e1aecee37a7635990b2c6d504cd4766c7bc9fc86d63f9c09af3fa11b",
                "sha256:2fb9bd477fdea8684f78791a6de97a953c51831ee2981f8e4f583ff3b9d9687e",
                "sha256:311f30128d7d333eebd7896965bfcfbd0065f1716ec92bd5638d7748eb6f936a",
                "sha256:329ce159e82018d646c7ac45b01a430369d526569ec08516081727a20e9e4af4",
                "sha256:345b0426edd4e18138d6528aed636de7a9ed169b4aaf9d61a8c19e39d26838ca",
                "sha256:363e2f92b0f0174b2f8238240a1a30142e3db7b957a5dd5689b0e75fb717cc78",
                "sha256:3a3bd0dcd373514dcec91c411ddb9632c0d7d92aed7093b8c3bbb6d69ca74408",
                "sha256:3bed14e9c89dcb10e8f3a29f9ccac4955aebe93c71ae803af79265c9ca5644c5",
                "sha256:44251f18cd68a75b56585dd00dae26183e102cd5e0f9f1466e6df5da2ed64ea3",
                "sha256:44ecbf16649486d4aebafeaa7ec4c9fed8b88101f4dd612dcaf65d5e815f837f",
                "sha256:4532bff1b8421fd0a320463030c7520f56a79c9024a4e88f01c537316019005a",
                "sha256:49402233c892a461407c512a19435d1ce275543138294f7ef013f0b63d5d3765",
                "sha256:4c0907b1928a36d5a998d72d64d8eaa7244989f7aaaf947500d3a800c83a3fd6",
                "sha256:4d86f7aff21ee58f26dcf5ae81a9addbd914115cdebcbb2217e4f0ed8982e146",
                "sha256:5777ee0881f9499ed0f71cc82cf873d9a0ca8af166dfa0af8ec4e675b7df48e6",
                "sha256:5df196eb874dae23dcfb968c83d4f8fdccb333330fe1fc278ac5ceeb101003a9",
                "sha256:619a609aa74ae43d90ed2e89bdd784765de0a25ca761b93e196d938b8fd1dbbd",
                "sha256:6e27f48bcd0957c6d4cb9d6fa6b61d192d0b13d5ef563e5f2ae35feafc0d179c",
                "sha256:6ff8a4a60c227ad87030d76e99cd1698345d4491638dfa6673027c48b3cd395f",
                "sha256:73d94b58ec7fecbc7366247d3b0b10a21681004153238750bb67bd9012414545",
                "sha256:7461baadb4dc00fd9e0acbe254e3d7d2112e7f92ced2adc96e54ef6501c5f176",
                "sha256:75832c08354f595c760a804588b9357d34ec00ba1c940c15e31e96d902093770",
                "sha256:7709f51f5f7c853f0fb938bcd3bc59cdfdc5203635ffd18bf354f6967ea0f824",
                "sha256:78baa6d91634dfb69ec52a463534bc0df05dbd546209b79a3880a34487f4b84f",
                "sha256:7974a0b5ecd505609e3b19742b60cee7aa2aa2fb3151bc917e6e2646d7667dcf",
                "sha256:7a4f97a081603d2050bfaffdefa5b02a9ec823f8348a572e39032caa8404a487",
                "sha256:7b1bef6280950ee6c177b326508f86cad7ad4dff12454483b51d8b7d673a2c5d",
                "sha256:7d053096f67cd1241601111b698f5cad775f97ab25d81567d3f59219b5f1adbd",
                "sha256:804a4d582ba6e5b747c625bf1255e6b1507465494a40a2130978bda7b932c90b",
                "sha256:807f52c1f798eef6cf26beb819eeb8819b1622ddfeef9d0977a8502d4db6d534",
                "sha256:80ed5e856eb7f30115aaf94e4a08114ccc8813e6ed1b5efa74f9f82e8509858f",
                "sha256:8417cb1f36cc0bc7eaba8ccb0e04d55f0ee52df06df3ad55259b9a323555fc8b",
                "sha256:8436c508b408b82d87dc5f62496973a1805cd46727c34440b0d29d8a2f50a6c9",
                "sha256:89149166622f4db9b4b6a449256291dc87a99ee53151c74cbd82a53c8c2f6ccd",
                "sha256:8bfa33f4f2672964266e940dd22a195989ba31669bd84629f05fab3ef4e2d125",
                "sha256:8c60ca7339acd497a55b0ea5d506b2a2612afb2826560416f6894e8b5770d4a9",
                "sha256:91b36a978b5ae0ee86c394f5a54d6ef44db1de0815eb43de826d41d21e4af3de",
                "sha256:955f8851919303c92343d2f66165294848d57e9bba6cf6e3625485a70a038d11",
                "sha256:97f68b8d6831127e4787ad15e6757232e14e12060bec17091b85eb1486b91d8d",
                "sha256:9b23ca7ef998bc739bf6ffc077c2116917eabcc901f88da1b9856b210ef63f35",
                "sha256:9f0b8b1c6d84c8034a44893aba5e767bf9c7a211e313a9605d9c617d7083829f",
                "sha256:aabfa34badd18f1da5ec1bc2715cadc8dca465868a4e73a0173466b688f29dda",
                "sha256:ab36c8eb7e454e34e60eb55ca5d241a5d18b2c6244f6827a30e451c42410b5f7",
                "sha256:b010a7a4fd316c3c484d482922d13044979e78d1861f0e0650423144c616a46a",
                "sha256:b1ac5992a838106edb89654e0aebfc24f5848ae2547d22c2c3f66454daa11971",
                "sha256:b7b2d86dd06bfc2ade3312a83a5c364c7ec2e3498f8734282c6c3d4b07b346b8",
                "sha256:b97e690a2118911e39b4042088092771b4ae3fc3aa86518f84b8cf6888dbdb41",
                "sha256:bc2722592d8998c870fa4e290c2eec2c1569b87fe58618e67d38b4665dfa680d",
                "sha256:c0429126cf75e16c4f0ad00ee0eae4242dc652290f940152ca8c75c3a4b6ee8f",
                "sha256:c30197aa96e8eed02200a83fba2657b4c3acd0f0aa4bdc9f6c1af8e8962e0757",
                "sha256:c4c3e6da02df6fa1410a7680bd3f63d4f710232d3139089536310d027950696a",
                "sha256:c75cb2a3e389853835e84a2d8fb2b81a10645b503eca9bcb98df6b5a43eb8886",
                "sha256:c96836c97b1238e9c9e3fe90844c947d5afbf4f4c92762679acfe19927d81d77",
                "sha256:d7f50a1f8c450f3925cb367d011448c39239bb3eb4117c36a6d354794de4ce76",
                "sha256:d973f03c0cb71c5ed99037b870f2be986c3c05e63622c017ea9816881d2dd247",
                "sha256:d98b1668f06378c6dbefec3b92299716b931cd4e6061f3c875a71ced1780ab85",
                "sha256:d9c3cdf5390dcd29aa8056d13e8e99526cda0305acc038b96b30352aff5ff2bb",
                "sha256:dad3e487649f498dd991eeb901125411559b22e8d7ab25d3aeb1af367df5efd7",
                "sha256:dccbe65bd2f7f7ec22c4ff99ed56faa1e9f785482b9bbd7c717e26fd723a1d1e",
                "sha256:dd78cfcda14a1ef52584dbb008f7ac81c1328c0f58184bf9a84c49c605002da6",
                "sha256:e218488cd232553829be0664c2292d3af2eeeb94b32bea483cf79ac6a694e037",
                "sha256:e358e64305fe12299a08e08978f51fc21fac060dcfcddd95453eabe5b93ed0e1",
                "sha256:ea0d8d539afa5eb2728aa1932a988a9a7af94f18582ffae4bc10b3fbdad0626e",
                "sha256:eab677309cdb30d047996b36d34caeda1dc91149e4fdca0b1a039b3f79d9a807",
                "sha256:eb8178fe3dba6450a3e024e95ac49ed3400e506fd4e9e5c32d30adda88cbd407",
                "sha256:ecddf25bee22fe4fe3737a399d0d177d72bc22be6913acfab364b40bce1ba83c",
                "sha256:eea6ee1db730b3483adf394ea72f808b6e18cf3cb6454b4d86e04fa8c4327a12",
                "sha256:f08ff5e948271dc7e18a35641d2f11a4cd8dfd5634f55228b691e62b37125eb3",
                "sha256:f30bf9fd9be89ecb2360c7d94a711f00c09b976258846efe40db3d05828e8089",
                "sha256:fa88b843d6e211393a37219e6a1c1df99d35e8fd90446f1118f4216e307e48cd",
                "sha256:fc54db6c8593ef7d4b2a331b58653356cf04f67c960f584edb7c3d8c97e8f39e",
                "sha256:fd4ec41f914fa74ad1b8304bbc634b3de73d2a0889bd32076342a573e0779e00",
                "sha256:ffc9202a29ab3920fa812879e95a9e78b2465fd10be7fcbd042899695d75e616"
            ],
            "markers": "python_version >= '3.7'",
            "version": "==3.4.1"
        },
        "cramjam": {
            "hashes": [
                "sha256:008b49b455b396acc5459dfb06fb9d56049c4097ee8e590892a4d3da9a711da3",
                "sha256:038df668ffb94d64d67b6ecc59cbd206745a425ffc0402897dde12d89fa6a870",
                "sha256:04828cbfad7384f06a4a7d0d927c3e85ef11dc5a40b9cf5f3e29ac4e23ecd678",
                "sha256:06068bd191a82ad4fc1ac23d6f8627fb5e37ec4be0431711b9a2dbacaccfeddb",
                "sha256:06e3f97a379386d97debf08638a78b3d3850fdf6124755eb270b54905a169930",
                "sha256:07ac76b7f992556e7aa910244be11ece578cdf84f4d5d5297461f9a895e18312",
                "sha256:0bedb84e068b53c944bd08dcb501fd00d67daa8a917922356dd559b484ce7eab",
                "sha256:11118675e9c7952ececabc62f023290ee4f8ecf0bee0d2c7eb8d1c402ee9769d",
                "sha256:1376f6fdbf0b30712413a0b4e51663a4938ae2f6b449f8e4635dbb3694db83cf",
                "sha256:1539fd758f0e57fad7913cebff8baaee871bb561ddf6fa710a427b74da6b6778",
                "sha256:15955dd75e80f66c1ea271167a5347661d9bdc365f894a57698c383c9b7d465c",
                "sha256:1c33bc095db5733c841a102b8693062be5db8cdac17b9782ebc00577c6a94480",
                "sha256:217fe22b41f8c3dce03852f828b059abfad11d1344a1df2f43d3eb8634b18d75",
                "sha256:21ea784e6c3f1843d3523ae0f03651dd06058b39eeb64beb82ee3b100fa83662",
                "sha256:23b9786d1d17686fb8d600ade2a19374c7188d4b8867efa9af0d8274a220aec7",
                "sha256:258120cb1e3afc3443f756f9de161ed63eed56a2c31f6093e81c571c0f2dc9f6",
                "sha256:27571bfa5a5d618604696747d0dc1d2a99b5906c967c8dee53c13a7107edfde6",
                "sha256:2ceef6e09ee22457997370882aa3c69de01e6dd0aaa2f953e1e87ad11641d042",
                "sha256:335103317475bf992953c58838152a4761fc3c87354000edbfc4d7e57cf05909",
                "sha256:336cc591d86cbd225d256813779f46624f857bc9c779db126271eff9ddc524ae",
                "sha256:342fb946f8d3e9e35b837288b03ab23cfbe0bb5a30e582ed805ef79706823a96",
                "sha256:3b695259e71fde6d5be66b77a4474523ced9ffe9fe8a34cb9b520ec1241a14d3",
                "sha256:3ba79c7d2cc5adb897b690c05dd9b67c4d401736d207314b99315f7be3cd94fd",
                "sha256:3f815fb0eba625af45139af4f90f5fc2ddda61b171c2cc3ab63d44b40c5c7768",
                "sha256:4125d8cd86fa08495d310e80926c2f0563f157b76862e7479f9b2cf94823ea0c",
                "sha256:4206ebdd1d1ef0f3f86c8c2f7c426aa4af6094f4f41e274601fd4c4569f37454",
                "sha256:440b489902bfb7a26d3fec1ca888007615336ff763d2a32a2fc40586548a0dbf",
                "sha256:45c18cc13156e8697a8d3f9e57e49a69b00e14a103196efab0893fae1a5257f8",
                "sha256:4826d6d81ea490fa7a3ae7a4b9729866a945ffac1f77fe57b71e49d6e1b21efd",
                "sha256:53145fc9f2319c1245d4329e1da8cfacd6e35e27090c07c0b9d453ae2bbdac3e",
                "sha256:56495975401b1821dbe1f29cf222e23556232209a2fdb809fe8156d120ca9c7f",
                "sha256:57ca8f3775324a9de3ee6f05ca172687ba258c0dea79f7e3a6b4112834982f2a",
                "sha256:5925a738b8478f223ab9756fc794e3cabd5917fd7846f66adcf1d5fc2bf9864c",
                "sha256:5a7797a2fff994fc5e323f7a967a35a3e37e3006ed21d64dcded086502f482af",
                "sha256:67040e0fd84404885ec716a806bee6110f9960c3647e0ef1670aab3b7375a70a",
                "sha256:6a2ca4d3c683d28d3217821029eb08d3487d5043d7eb455df11ff3cacfd4c916",
                "sha256:6b19fc60ead1cae9795a5b359599da3a1c95d38f869bdfb51c441fd76b04e926",
                "sha256:6b5cef5cf40725fe64592af9ec163e7389855077700678a1d94bec549403a74d",
                "sha256:6b7de6b61b11545570e4d6033713f3599525efc615ee353a822be8f6b0c65b77",
                "sha256:6d2df8a6511cc08ef1fccd2e0c65e2ebc9f57574ec8376052a76851af5398810",
                "sha256:6d86b44933aea0151e4a2e1e6935448499849045c38167d288ca4c59d5b8cd4e",
                "sha256:79417957972553502b217a0093532e48893c8b4ca30ccc941cefe9c72379df7c",
                "sha256:7eb032549dec897b942ddcf80c1cdccbcb40629f15fc902731dbe6362da49326",
                "sha256:8097ee39b61c86848a443c0b25b2df1de6b331fd512b20836a4f5cfde51ab255",
                "sha256:84d154fbadece82935396eb6bcb502085d944d2fd13b07a94348364344370c2c",
                "sha256:86824c695688fcd06c5ac9bbd3fea9bdfb4cca194b1e706fbf11a629df48d2b4",
                "sha256:872b00ff83e84bcbdc7e951af291ebe65eed20b09c47e7c4af21c312f90b796f",
                "sha256:8a9f52c27292c21457f43c4ce124939302a9acfb62295e7cda8667310563a5a3",
                "sha256:8bc9c2c748aaf91863d89c4583f529c1c709485c94f8dfeb3ee48662d88e3258",
                "sha256:8d1248dfa7f151e893ce819670f00879e4b7650b8d4c01279ce4f12140d68dd2",
                "sha256:8d47fd41ce260cf4f0ff0e788de961fab9e9c6844a05ce55d06ce31e06107bdc",
                "sha256:8dc5207567459d049696f62a1fdfb220f3fe6aa0d722285d44753e12504dac6c",
                "sha256:8e0c5d98a4e791f0bbd0ffcb7dae879baeb2dcc357348a8dc2be0a8c10403a2a",
                "sha256:8e82464d1e00fbbb12958999b8471ba5e9f3d9711954505a0a7b378762332e6f",
                "sha256:95f3646ddc98af25af25d5692ae65966488a283813336ea9cf41b22e542e7c0d",
                "sha256:9847dd6f288f1c56359f52acb48ff2df848ff3e3bff34d23855bbcf7016427cc",
                "sha256:9da6d970281083bae91b914362de325414aa03c01fc806f6bb2cc006322ec834",
                "sha256:9e9193cd4bb57e7acd3af24891526299244bfed88168945efdaa09af4e50720f",
                "sha256:a237064a6e2c2256c9a1cf2beb7c971382190c0f1eb2e810e02e971881756132",
                "sha256:a36adf7d13b7accfa206e1c917f08924eb905b45aa8e62176509afa7b14db71e",
                "sha256:a47de0a68f5f4d9951250ef5af31f2a7228132caa9ed60994234f7eb98090d33",
                "sha256:ab1e69dc4831bbb79b6d547077aae89074c83e8ad94eba1a3d80e94d2424fd02",
                "sha256:ab687bef5c493732b9a4ab870542ee43f5eae0025f9c684c7cb399c3a85cb380",
                "sha256:ac48b978aa0675f62b642750e798c394a64d25ce852e4e541f69bef9a564c2f0",
                "sha256:af39006faddfc6253beb93ca821d544931cfee7f0177b99ff106dfd8fd6a2cd8",
                "sha256:b0944a7c3a78f940c06d1b29bdce91a17798d80593dd01ebfeb842761e48a8b5",
                "sha256:b3291be0d3f73d5774d69013be4ab33978c777363b5312d14f62f77817c2f75a",
                "sha256:b5b1cd7d39242b2b903cf09cd4696b3a6e04dc537ffa9f3ac8668edae76eecb6",
                "sha256:b7ac273498a2c6772d67707e101b74014c0d9413bb4711c51d8ec311de59b4b1",
                "sha256:b9db1debe48060e41a5b91af9193c524e473c57f6105462c5524a41f5aabdb88",
                "sha256:ba560244bc1335b420b74e91e35f9d4e7f307a3be3a4603ce0f0d7e15a0acdf0",
                "sha256:c60e5996aa02547d12bc2740d44e90e006b0f93100f53206f7abe6732ad56e69",
                "sha256:ce2b94117f373defc876f88e74e44049a9969223dbca3240415b71752d0422fb",
                "sha256:cf29b4def86ec503e329fe138842a9b79a997e3beb6c7809b05665a0d291edff",
                "sha256:cf4ea758d98b6fad1b4b2d808d0de690d3162ac56c26968aea0af6524e3eb736",
                "sha256:d14a0efb21e0fec0631bcd66040b06e6a0fe10825f3aacffded38c1c978bdff9",
                "sha256:d35923fb5411bde30b53c0696dff8e24c8a38b010b89544834c53f4462fd71df",
                "sha256:d51b9b140b1df39a44bff7896d98a10da345b7d5f5ce92368d328c1c2c829167",
                "sha256:d90a72608c7550cd7eba914668f6277bfb0b24f074d1f1bd9d061fcb6f2adbd6",
                "sha256:da0cc0efdbfb8ee2361f89f38ded03d11678f37e392afff7a97b09c55dadfc83",
                "sha256:dda7698b6d7caeae1047adafebc4b43b2a82478234f6c2b45bc3edad854e0600",
                "sha256:e076fd87089197cb61117c63dbe7712ad5eccb93968860eb3bae09b767bac813",
                "sha256:e13c9a697881e5e38148958612dc6856967f5ff8cd7bba5ff751f2d6ac020aa4",
                "sha256:ec769e5b16251704502277a1163dcf2611551452d7590ff4cc422b7b0367fc96",
                "sha256:f6f18f0242212d3409d26ce3874937b5b979cebd61f08b633a6ea893c32fc7b6",
                "sha256:f89924858712b8b936f04f3d690e72825a3e5127a140b434c79030c1c5a887ce",
                "sha256:fb01f6e38719818778144d3165a89ea1ad9dc58c6342b7f20aa194c70f34cbd1",
                "sha256:fbfe35929a61b914de9e5dbacde0cfbba86cbf5122f9285a24c14ed0b645490b",
                "sha256:fd0fa9a0e7f18224b6d2d1d69dbdc3aecec80ef1393c59244159b131604a4395",
                "sha256:ff362f68bd68ac0eccb445209238d589bba728fb6d7f2e9dc199e0ec3a61d6e0"
            ],
            "markers": "python_version >= '3.8'",
            "version": "==2.9.1"
        },
        "django": {
            "hashes": [
                "sha256:1e39eafdd1b185e761d9fab7a9f0b9fa00af1b37b25ad980a8aa0dac13535690",
                "sha256:8d203400bc2952fbfb287c2bbda630297d654920c72a73cc82a9ad7926feaad5"
            ],
            "index": "pypi",
            "markers": "python_version >= '3.10'",
            "version": "==5.1.6"
        },
        "django-cors-headers": {
            "hashes": [
                "sha256:14d76b4b4c8d39375baeddd89e4f08899051eeaf177cb02a29bd6eae8cf63aa8",
                "sha256:8edbc0497e611c24d5150e0055d3b178c6534b8ed826fb6f53b21c63f5d48ba3"
            ],
            "index": "pypi",
            "markers": "python_version >= '3.9'",
            "version": "==4.6.0"
        },
        "djangorestframework": {
            "hashes": [
                "sha256:2b8871b062ba1aefc2de01f773875441a961fefbf79f5eed1e32b2f096944b20",
                "sha256:36fe88cd2d6c6bec23dca9804bab2ba5517a8bb9d8f47ebc68981b56840107ad"
            ],
            "index": "pypi",
            "markers": "python_version >= '3.8'",
            "version": "==3.15.2"
        },
        "fastparquet": {
            "hashes": [
                "sha256:053695c2f730b78a2d3925df7cd5c6444d6c1560076af907993361cc7accf3e2",
                "sha256:0a52eecc6270ae15f0d51347c3f762703dd667ca486f127dc0a21e7e59856ae5",
                "sha256:0b74333914f454344458dab9d1432fda9b70d62e28dc7acb1512d937ef1424ee",
                "sha256:0e2d7f02f57231e6c86d26e9ea71953737202f20e948790e5d4db6d6a1a150dc",
                "sha256:1ae953c0e3832ae3936b6d92fde493ac7d8b775d7d59d02f7f46f67e1c21ed24",
                "sha256:29d5c718817bcd765fc519b17f759cad4945974421ecc1931d3bdc3e05e57fa9",
                "sha256:36b5c9bd2ffaaa26ff45d59a6cefe58503dd748e0c7fad80dd905749da0f2b9e",
                "sha256:374cdfa745aa7d5188430528d5841cf823eb9ad16df72ad6dadd898ccccce3be",
                "sha256:403d31109d398b6be7ce84fa3483fc277c6a23f0b321348c0a505eb098a041cb",
                "sha256:41d1610130b5cb1ce36467766191c5418cba8631e2bfe3affffaf13f9be4e7a8",
                "sha256:46b2db02fc2a1507939d35441c8ab211d53afd75d82eec9767d1c3656402859b",
                "sha256:4abd3426607335e5ad09be29ef4eeccdf097710e44420deac16893cee64ea0d8",
                "sha256:4c8401bfd86cccaf0ab7c0ade58c91ae19317ff6092e1d4ad96c2178197d8124",
                "sha256:561202e8f0e859ccc1aa77c4aaad1d7901b2d50fd6f624ca018bae4c3c7a62ce",
                "sha256:5914ecfa766b7763201b9f49d832a5e89c2dccad470ca4f9c9b228d9a8349756",
                "sha256:59e5c5b51083d5b82572cdb7aed0346e3181e3ac9d2e45759da2e804bdafa7ee",
                "sha256:60ccf587410f0979105e17036df61bb60e1c2b81880dc91895cdb4ee65b71e7f",
                "sha256:63e0e416e25c15daa174aad8ba991c2e9e5b0dc347e5aed5562124261400f87b",
                "sha256:6595d3771b3d587a31137e985f751b4d599d5c8e9af9c4858e373fdf5c3f8720",
                "sha256:6b7df5d3b61a19d76e209fe8d3133759af1c139e04ebc6d43f3cc2d8045ef338",
                "sha256:6b936dcf40ca5fff9e70383d48811b1482b871ff74af857cb4db5f4d072f01ab",
                "sha256:6ec7b398a86432993441d0a08dfae59e29649c803ed64ec4b1d7c3e0855b14cb",
                "sha256:74a0b3c40ab373442c0fda96b75a36e88745d8b138fcc3a6143e04682cbbb8ca",
                "sha256:869e167a4067116b4a27eb7adbe597130b2e2e9cfc0f3e84f60e2e182a933f23",
                "sha256:8b35823ac7a194134e5f82fa4a9659e42e8f9ad1f2d22a55fbb7b9e4053aabbb",
                "sha256:9a9387e77ac608d8978774caaf1e19de67eaa1386806e514dcb19f741b19cfe5",
                "sha256:a3afdef2895c9f459135a00a7ed3ceafebfbce918a9e7b5d550e4fae39c1b64d",
                "sha256:a5ad5fc14b0567e700bea3cd528a0bd45a6f9371370b49de8889fb3d10a6574a",
                "sha256:bdadf7b6bad789125b823bfc5b0a719ba5c4a2ef965f973702d3ea89cff057f6",
                "sha256:cbbb9057a26acf0abad7adf58781ee357258b7708ee44a289e3bee97e2f55d42",
                "sha256:d20632964e65530374ff7cddd42cc06aa0a1388934903693d6d22592a5ba827b",
                "sha256:d24c923a2d9d22a5e7564245f856e6462d524d57982ac8f7479cde991ff73362",
                "sha256:d281edd625c33628ba028d3221180283d6161bc5ceb55eae1f0ca1678f864f26",
                "sha256:dbad4b014782bd38b58b8e9f514fe958cfa7a6c4e187859232d29fd5c5ddd849",
                "sha256:dc475993232c6a64f350aeb928013a807eb93f78675810fd019cbcff39f6baf3",
                "sha256:e29ff7a367fafa57c6896fb6abc84126e2466811aefd3e4ad4070b9e18820e54",
                "sha256:e3b1fc73fd3e1b70b0de254bae7feb890436cb67e99458b88cb9bd3cc44db419",
                "sha256:eb3356862fba2f9b2ea8e679d66901f466c92be8e023439fe854bc392fbf40a6",
                "sha256:f9cca4c6b5969df5561c13786f9d116300db1ec22c7941e237cfca4ce602f59b",
                "sha256:fa56b19a29008c34cfe8831e810f770080debcbffc69aabd1df4d47572181f9c",
                "sha256:fbe4468146b633d8f09d7b196fea0547f213cb5ce5f76e9d1beb29eaa9593a93"
            ],
            "index": "pypi",
            "markers": "python_version >= '3.9'",
            "version": "==2024.11.0"
        },
        "fsspec": {
            "hashes": [
                "sha256:1c24b16eaa0a1798afa0337aa0db9b256718ab2a89c425371f5628d22c3b6afd",
                "sha256:9de2ad9ce1f85e1931858535bc882543171d197001a0a5eb2ddc04f1781ab95b"
            ],
            "markers": "python_version >= '3.8'",
            "version": "==2025.2.0"
        },
        "idna": {
            "hashes": [
                "sha256:12f65c9b470abda6dc35cf8e63cc574b1c52b11df2c86030af0ac09b01b13ea9",
                "sha256:946d195a0d259cbba61165e88e65941f16e9b36ea6ddb97f00452bae8b1287d3"
            ],
            "markers": "python_version >= '3.6'",
            "version": "==3.10"
        },
        "numpy": {
            "hashes": [
                "sha256:02935e2c3c0c6cbe9c7955a8efa8908dd4221d7755644c59d1bba28b94fd334f",
                "sha256:0349b025e15ea9d05c3d63f9657707a4e1d471128a3b1d876c095f328f8ff7f0",
                "sha256:09d6a2032faf25e8d0cadde7fd6145118ac55d2740132c1d845f98721b5ebcfd",
                "sha256:0bc61b307655d1a7f9f4b043628b9f2b721e80839914ede634e3d485913e1fb2",
                "sha256:0eec19f8af947a61e968d5429f0bd92fec46d92b0008d0a6685b40d6adf8a4f4",
                "sha256:106397dbbb1896f99e044efc90360d098b3335060375c26aa89c0d8a97c5f648",
                "sha256:128c41c085cab8a85dc29e66ed88c05613dccf6bc28b3866cd16050a2f5448be",
                "sha256:149d1113ac15005652e8d0d3f6fd599360e1a708a4f98e43c9c77834a28238cb",
                "sha256:159ff6ee4c4a36a23fe01b7c3d07bd8c14cc433d9720f977fcd52c13c0098160",
                "sha256:22ea3bb552ade325530e72a0c557cdf2dea8914d3a5e1fecf58fa5dbcc6f43cd",
                "sha256:23ae9f0c2d889b7b2d88a3791f6c09e2ef827c2446f1c4a3e3e76328ee4afd9a",
                "sha256:250c16b277e3b809ac20d1f590716597481061b514223c7badb7a0f9993c7f84",
                "sha256:2ec6c689c61df613b783aeb21f945c4cbe6c51c28cb70aae8430577ab39f163e",
                "sha256:2ffbb1acd69fdf8e89dd60ef6182ca90a743620957afb7066385a7bbe88dc748",
                "sha256:3074634ea4d6df66be04f6728ee1d173cfded75d002c75fac79503a880bf3825",
                "sha256:356ca982c188acbfa6af0d694284d8cf20e95b1c3d0aefa8929376fea9146f60",
                "sha256:3fbe72d347fbc59f94124125e73fc4976a06927ebc503ec5afbfb35f193cd957",
                "sha256:40c7ff5da22cd391944a28c6a9c638a5eef77fcf71d6e3a79e1d9d9e82752715",
                "sha256:41184c416143defa34cc8eb9d070b0a5ba4f13a0fa96a709e20584638254b317",
                "sha256:451e854cfae0febe723077bd0cf0a4302a5d84ff25f0bfece8f29206c7bed02e",
                "sha256:4525b88c11906d5ab1b0ec1f290996c0020dd318af8b49acaa46f198b1ffc283",
                "sha256:463247edcee4a5537841d5350bc87fe8e92d7dd0e8c71c995d2c6eecb8208278",
                "sha256:4dbd80e453bd34bd003b16bd802fac70ad76bd463f81f0c518d1245b1c55e3d9",
                "sha256:57b4012e04cc12b78590a334907e01b3a85efb2107df2b8733ff1ed05fce71de",
                "sha256:5a8c863ceacae696aff37d1fd636121f1a512117652e5dfb86031c8d84836369",
                "sha256:5acea83b801e98541619af398cc0109ff48016955cc0818f478ee9ef1c5c3dcb",
                "sha256:642199e98af1bd2b6aeb8ecf726972d238c9877b0f6e8221ee5ab945ec8a2189",
                "sha256:64bd6e1762cd7f0986a740fee4dff927b9ec2c5e4d9a28d056eb17d332158014",
                "sha256:6d9fc9d812c81e6168b6d405bf00b8d6739a7f72ef22a9214c4241e0dc70b323",
                "sha256:7079129b64cb78bdc8d611d1fd7e8002c0a2565da6a47c4df8062349fee90e3e",
                "sha256:7dca87ca328f5ea7dafc907c5ec100d187911f94825f8700caac0b3f4c384b49",
                "sha256:860fd59990c37c3ef913c3ae390b3929d005243acca1a86facb0773e2d8d9e50",
                "sha256:8e6da5cffbbe571f93588f562ed130ea63ee206d12851b60819512dd3e1ba50d",
                "sha256:8ec0636d3f7d68520afc6ac2dc4b8341ddb725039de042faf0e311599f54eb37",
                "sha256:9491100aba630910489c1d0158034e1c9a6546f0b1340f716d522dc103788e39",
                "sha256:97b974d3ba0fb4612b77ed35d7627490e8e3dff56ab41454d9e8b23448940576",
                "sha256:995f9e8181723852ca458e22de5d9b7d3ba4da3f11cc1cb113f093b271d7965a",
                "sha256:9dd47ff0cb2a656ad69c38da850df3454da88ee9a6fde0ba79acceee0e79daba",
                "sha256:9fad446ad0bc886855ddf5909cbf8cb5d0faa637aaa6277fb4b19ade134ab3c7",
                "sha256:a972cec723e0563aa0823ee2ab1df0cb196ed0778f173b381c871a03719d4826",
                "sha256:ac9bea18d6d58a995fac1b2cb4488e17eceeac413af014b1dd26170b766d8467",
                "sha256:b0531f0b0e07643eb089df4c509d30d72c9ef40defa53e41363eca8a8cc61495",
                "sha256:b208cfd4f5fe34e1535c08983a1a6803fdbc7a1e86cf13dd0c61de0b51a0aadc",
                "sha256:b3482cb7b3325faa5f6bc179649406058253d91ceda359c104dac0ad320e1391",
                "sha256:b6fb9c32a91ec32a689ec6410def76443e3c750e7cfc3fb2206b985ffb2b85f0",
                "sha256:b78ea78450fd96a498f50ee096f69c75379af5138f7881a51355ab0e11286c97",
                "sha256:bd249bc894af67cbd8bad2c22e7cbcd46cf87ddfca1f1289d1e7e54868cc785c",
                "sha256:c7d1fd447e33ee20c1f33f2c8e6634211124a9aabde3c617687d8b739aa69eac",
                "sha256:d0bbe7dd86dca64854f4b6ce2ea5c60b51e36dfd597300057cf473d3615f2369",
                "sha256:d6d6a0910c3b4368d89dde073e630882cdb266755565155bc33520283b2d9df8",
                "sha256:da1eeb460ecce8d5b8608826595c777728cdf28ce7b5a5a8c8ac8d949beadcf2",
                "sha256:e0c8854b09bc4de7b041148d8550d3bd712b5c21ff6a8ed308085f190235d7ff",
                "sha256:e0d4142eb40ca6f94539e4db929410f2a46052a0fe7a2c1c59f6179c39938d2a",
                "sha256:e9e82dcb3f2ebbc8cb5ce1102d5f1c5ed236bf8a11730fb45ba82e2841ec21df",
                "sha256:ed6906f61834d687738d25988ae117683705636936cc605be0bb208b23df4d8f"
            ],
            "markers": "python_version >= '3.10'",
            "version": "==2.2.2"
        },
        "packaging": {
            "hashes": [
                "sha256:09abb1bccd265c01f4a3aa3f7a7db064b36514d2cba19a2f694fe6150451a759",
                "sha256:c228a6dc5e932d346bc5739379109d49e8853dd8223571c7c5b55260edc0b97f"
            ],
            "markers": "python_version >= '3.8'",
            "version": "==24.2"
        },
        "pandas": {
            "hashes": [
                "sha256:062309c1b9ea12a50e8ce661145c6aab431b1e99530d3cd60640e255778bd43a",
                "sha256:15c0e1e02e93116177d29ff83e8b1619c93ddc9c49083f237d4312337a61165d",
                "sha256:1948ddde24197a0f7add2bdc4ca83bf2b1ef84a1bc8ccffd95eda17fd836ecb5",
                "sha256:1db71525a1538b30142094edb9adc10be3f3e176748cd7acc2240c2f2e5aa3a4",
                "sha256:22a9d949bfc9a502d320aa04e5d02feab689d61da4e7764b62c30b991c42c5f0",
                "sha256:29401dbfa9ad77319367d36940cd8a0b3a11aba16063e39632d98b0e931ddf32",
                "sha256:31d0ced62d4ea3e231a9f228366919a5ea0b07440d9d4dac345376fd8e1477ea",
                "sha256:3508d914817e153ad359d7e069d752cdd736a247c322d932eb89e6bc84217f28",
                "sha256:37e0aced3e8f539eccf2e099f65cdb9c8aa85109b0be6e93e2baff94264bdc6f",
                "sha256:381175499d3802cde0eabbaf6324cce0c4f5d52ca6f8c377c29ad442f50f6348",
                "sha256:38cf8125c40dae9d5acc10fa66af8ea6fdf760b2714ee482ca691fc66e6fcb18",
                "sha256:3b71f27954685ee685317063bf13c7709a7ba74fc996b84fc6821c59b0f06468",
                "sha256:3fc6873a41186404dad67245896a6e440baacc92f5b716ccd1bc9ed2995ab2c5",
                "sha256:4850ba03528b6dd51d6c5d273c46f183f39a9baf3f0143e566b89450965b105e",
                "sha256:4f18ba62b61d7e192368b84517265a99b4d7ee8912f8708660fb4a366cc82667",
                "sha256:56534ce0746a58afaf7942ba4863e0ef81c9c50d3f0ae93e9497d6a41a057645",
                "sha256:59ef3764d0fe818125a5097d2ae867ca3fa64df032331b7e0917cf5d7bf66b13",
                "sha256:5dbca4c1acd72e8eeef4753eeca07de9b1db4f398669d5994086f788a5d7cc30",
                "sha256:5de54125a92bb4d1c051c0659e6fcb75256bf799a732a87184e5ea503965bce3",
                "sha256:61c5ad4043f791b61dd4752191d9f07f0ae412515d59ba8f005832a532f8736d",
                "sha256:6374c452ff3ec675a8f46fd9ab25c4ad0ba590b71cf0656f8b6daa5202bca3fb",
                "sha256:63cc132e40a2e084cf01adf0775b15ac515ba905d7dcca47e9a251819c575ef3",
                "sha256:66108071e1b935240e74525006034333f98bcdb87ea116de573a6a0dccb6c039",
                "sha256:6dfcb5ee8d4d50c06a51c2fffa6cff6272098ad6540aed1a76d15fb9318194d8",
                "sha256:7c2875855b0ff77b2a64a0365e24455d9990730d6431b9e0ee18ad8acee13dbd",
                "sha256:7eee9e7cea6adf3e3d24e304ac6b8300646e2a5d1cd3a3c2abed9101b0846761",
                "sha256:800250ecdadb6d9c78eae4990da62743b857b470883fa27f652db8bdde7f6659",
                "sha256:86976a1c5b25ae3f8ccae3a5306e443569ee3c3faf444dfd0f41cda24667ad57",
                "sha256:8cd6d7cc958a3910f934ea8dbdf17b2364827bb4dafc38ce6eef6bb3d65ff09c",
                "sha256:99df71520d25fade9db7c1076ac94eb994f4d2673ef2aa2e86ee039b6746d20c",
                "sha256:a5a1595fe639f5988ba6a8e5bc9649af3baf26df3998a0abe56c02609392e0a4",
                "sha256:ad5b65698ab28ed8d7f18790a0dc58005c7629f227be9ecc1072aa74c0c1d43a",
                "sha256:b1d432e8d08679a40e2a6d8b2f9770a5c21793a6f9f47fdd52c5ce1948a5a8a9",
                "sha256:b8661b0238a69d7aafe156b7fa86c44b881387509653fdf857bebc5e4008ad42",
                "sha256:ba96630bc17c875161df3818780af30e43be9b166ce51c9a18c1feae342906c2",
                "sha256:bc6b93f9b966093cb0fd62ff1a7e4c09e6d546ad7c1de191767baffc57628f39",
                "sha256:c124333816c3a9b03fbeef3a9f230ba9a737e9e5bb4060aa2107a86cc0a497fc",
                "sha256:cd8d0c3be0515c12fed0bdbae072551c8b54b7192c7b1fda0ba56059a0179698",
                "sha256:d9c45366def9a3dd85a6454c0e7908f2b3b8e9c138f5dc38fed7ce720d8453ed",
                "sha256:f00d1345d84d8c86a63e476bb4955e46458b304b9575dcf71102b5c705320015",
                "sha256:f3a255b2c19987fbbe62a9dfd6cff7ff2aa9ccab3fc75218fd4b7530f01efa24",
                "sha256:fffb8ae78d8af97f849404f21411c95062db1496aeb3e56f146f0355c9989319"
            ],
            "index": "pypi",
            "markers": "python_version >= '3.9'",
            "version": "==2.2.3"
        },
        "psycopg2-binary": {
            "hashes": [
                "sha256:04392983d0bb89a8717772a193cfaac58871321e3ec69514e1c4e0d4957b5aff",
                "sha256:056470c3dc57904bbf63d6f534988bafc4e970ffd50f6271fc4ee7daad9498a5",
                "sha256:0ea8e3d0ae83564f2fc554955d327fa081d065c8ca5cc6d2abb643e2c9c1200f",
                "sha256:155e69561d54d02b3c3209545fb08938e27889ff5a10c19de8d23eb5a41be8a5",
                "sha256:18c5ee682b9c6dd3696dad6e54cc7ff3a1a9020df6a5c0f861ef8bfd338c3ca0",
                "sha256:19721ac03892001ee8fdd11507e6a2e01f4e37014def96379411ca99d78aeb2c",
                "sha256:1a6784f0ce3fec4edc64e985865c17778514325074adf5ad8f80636cd029ef7c",
                "sha256:2286791ececda3a723d1910441c793be44625d86d1a4e79942751197f4d30341",
                "sha256:230eeae2d71594103cd5b93fd29d1ace6420d0b86f4778739cb1a5a32f607d1f",
                "sha256:245159e7ab20a71d989da00f280ca57da7641fa2cdcf71749c193cea540a74f7",
                "sha256:26540d4a9a4e2b096f1ff9cce51253d0504dca5a85872c7f7be23be5a53eb18d",
                "sha256:270934a475a0e4b6925b5f804e3809dd5f90f8613621d062848dd82f9cd62007",
                "sha256:27422aa5f11fbcd9b18da48373eb67081243662f9b46e6fd07c3eb46e4535142",
                "sha256:2ad26b467a405c798aaa1458ba09d7e2b6e5f96b1ce0ac15d82fd9f95dc38a92",
                "sha256:2b3d2491d4d78b6b14f76881905c7a8a8abcf974aad4a8a0b065273a0ed7a2cb",
                "sha256:2ce3e21dc3437b1d960521eca599d57408a695a0d3c26797ea0f72e834c7ffe5",
                "sha256:30e34c4e97964805f715206c7b789d54a78b70f3ff19fbe590104b71c45600e5",
                "sha256:3216ccf953b3f267691c90c6fe742e45d890d8272326b4a8b20850a03d05b7b8",
                "sha256:32581b3020c72d7a421009ee1c6bf4a131ef5f0a968fab2e2de0c9d2bb4577f1",
                "sha256:35958ec9e46432d9076286dda67942ed6d968b9c3a6a2fd62b48939d1d78bf68",
                "sha256:3abb691ff9e57d4a93355f60d4f4c1dd2d68326c968e7db17ea96df3c023ef73",
                "sha256:3c18f74eb4386bf35e92ab2354a12c17e5eb4d9798e4c0ad3a00783eae7cd9f1",
                "sha256:3c4745a90b78e51d9ba06e2088a2fe0c693ae19cc8cb051ccda44e8df8a6eb53",
                "sha256:3c4ded1a24b20021ebe677b7b08ad10bf09aac197d6943bfe6fec70ac4e4690d",
                "sha256:3e9c76f0ac6f92ecfc79516a8034a544926430f7b080ec5a0537bca389ee0906",
                "sha256:48b338f08d93e7be4ab2b5f1dbe69dc5e9ef07170fe1f86514422076d9c010d0",
                "sha256:4b3df0e6990aa98acda57d983942eff13d824135fe2250e6522edaa782a06de2",
                "sha256:512d29bb12608891e349af6a0cccedce51677725a921c07dba6342beaf576f9a",
                "sha256:5a507320c58903967ef7384355a4da7ff3f28132d679aeb23572753cbf2ec10b",
                "sha256:5c370b1e4975df846b0277b4deba86419ca77dbc25047f535b0bb03d1a544d44",
                "sha256:6b269105e59ac96aba877c1707c600ae55711d9dcd3fc4b5012e4af68e30c648",
                "sha256:6d4fa1079cab9018f4d0bd2db307beaa612b0d13ba73b5c6304b9fe2fb441ff7",
                "sha256:6dc08420625b5a20b53551c50deae6e231e6371194fa0651dbe0fb206452ae1f",
                "sha256:73aa0e31fa4bb82578f3a6c74a73c273367727de397a7a0f07bd83cbea696baa",
                "sha256:7559bce4b505762d737172556a4e6ea8a9998ecac1e39b5233465093e8cee697",
                "sha256:79625966e176dc97ddabc142351e0409e28acf4660b88d1cf6adb876d20c490d",
                "sha256:7a813c8bdbaaaab1f078014b9b0b13f5de757e2b5d9be6403639b298a04d218b",
                "sha256:7b2c956c028ea5de47ff3a8d6b3cc3330ab45cf0b7c3da35a2d6ff8420896526",
                "sha256:7f4152f8f76d2023aac16285576a9ecd2b11a9895373a1f10fd9db54b3ff06b4",
                "sha256:7f5d859928e635fa3ce3477704acee0f667b3a3d3e4bb109f2b18d4005f38287",
                "sha256:851485a42dbb0bdc1edcdabdb8557c09c9655dfa2ca0460ff210522e073e319e",
                "sha256:8608c078134f0b3cbd9f89b34bd60a943b23fd33cc5f065e8d5f840061bd0673",
                "sha256:880845dfe1f85d9d5f7c412efea7a08946a46894537e4e5d091732eb1d34d9a0",
                "sha256:8aabf1c1a04584c168984ac678a668094d831f152859d06e055288fa515e4d30",
                "sha256:8aecc5e80c63f7459a1a2ab2c64df952051df196294d9f739933a9f6687e86b3",
                "sha256:8cd9b4f2cfab88ed4a9106192de509464b75a906462fb846b936eabe45c2063e",
                "sha256:8de718c0e1c4b982a54b41779667242bc630b2197948405b7bd8ce16bcecac92",
                "sha256:9440fa522a79356aaa482aa4ba500b65f28e5d0e63b801abf6aa152a29bd842a",
                "sha256:b5f86c56eeb91dc3135b3fd8a95dc7ae14c538a2f3ad77a19645cf55bab1799c",
                "sha256:b73d6d7f0ccdad7bc43e6d34273f70d587ef62f824d7261c4ae9b8b1b6af90e8",
                "sha256:bb89f0a835bcfc1d42ccd5f41f04870c1b936d8507c6df12b7737febc40f0909",
                "sha256:c3cc28a6fd5a4a26224007712e79b81dbaee2ffb90ff406256158ec4d7b52b47",
                "sha256:ce5ab4bf46a211a8e924d307c1b1fcda82368586a19d0a24f8ae166f5c784864",
                "sha256:d00924255d7fc916ef66e4bf22f354a940c67179ad3fd7067d7a0a9c84d2fbfc",
                "sha256:d7cd730dfa7c36dbe8724426bf5612798734bff2d3c3857f36f2733f5bfc7c00",
                "sha256:e217ce4d37667df0bc1c397fdcd8de5e81018ef305aed9415c3b093faaeb10fb",
                "sha256:e3923c1d9870c49a2d44f795df0c889a22380d36ef92440ff618ec315757e539",
                "sha256:e5720a5d25e3b99cd0dc5c8a440570469ff82659bb09431c1439b92caf184d3b",
                "sha256:e8b58f0a96e7a1e341fc894f62c1177a7c83febebb5ff9123b579418fdc8a481",
                "sha256:e984839e75e0b60cfe75e351db53d6db750b00de45644c5d1f7ee5d1f34a1ce5",
                "sha256:eb09aa7f9cecb45027683bb55aebaaf45a0df8bf6de68801a6afdc7947bb09d4",
                "sha256:ec8a77f521a17506a24a5f626cb2aee7850f9b69a0afe704586f63a464f3cd64",
                "sha256:ecced182e935529727401b24d76634a357c71c9275b356efafd8a2a91ec07392",
                "sha256:ee0e8c683a7ff25d23b55b11161c2663d4b099770f6085ff0a20d4505778d6b4",
                "sha256:f0c2d907a1e102526dd2986df638343388b94c33860ff3bbe1384130828714b1",
                "sha256:f758ed67cab30b9a8d2833609513ce4d3bd027641673d4ebc9c067e4d208eec1",
                "sha256:f8157bed2f51db683f31306aa497311b560f2265998122abe1dce6428bd86567",
                "sha256:ffe8ed017e4ed70f68b7b371d84b7d4a790368db9203dfc2d222febd3a9c8863"
            ],
            "index": "pypi",
            "markers": "python_version >= '3.8'",
            "version": "==2.9.10"
        },
        "python-dateutil": {
            "hashes": [
                "sha256:37dd54208da7e1cd875388217d5e00ebd4179249f90fb72437e91a35459a0ad3",
                "sha256:a8b2bc7bffae282281c8140a97d3aa9c14da0b136dfe83f850eea9a5f7470427"
            ],
            "markers": "python_version >= '2.7' and python_version not in '3.0, 3.1, 3.2'",
            "version": "==2.9.0.post0"
        },
        "python-dotenv": {
            "hashes": [
                "sha256:e324ee90a023d808f1959c46bcbc04446a10ced277783dc6ee09987c37ec10ca",
                "sha256:f7b63ef50f1b690dddf550d03497b66d609393b40b564ed0d674909a68ebf16a"
            ],
            "index": "pypi",
            "markers": "python_version >= '3.8'",
            "version": "==1.0.1"
        },
        "pytz": {
            "hashes": [
                "sha256:89dd22dca55b46eac6eda23b2d72721bf1bdfef212645d81513ef5d03038de57",
                "sha256:c2db42be2a2518b28e65f9207c4d05e6ff547d1efa4086469ef855e4ab70178e"
            ],
            "version": "==2025.1"
        },
        "requests": {
            "hashes": [
                "sha256:55365417734eb18255590a9ff9eb97e9e1da868d4ccd6402399eaf68af20a760",
                "sha256:70761cfe03c773ceb22aa2f671b4757976145175cdfca038c02654d061d6dcc6"
            ],
            "index": "pypi",
            "markers": "python_version >= '3.8'",
            "version": "==2.32.3"
        },
        "six": {
            "hashes": [
                "sha256:4721f391ed90541fddacab5acf947aa0d3dc7d27b2e1e8eda2be8970586c3274",
                "sha256:ff70335d468e7eb6ec65b95b99d3a2836546063f63acc5171de367e834932a81"
            ],
            "markers": "python_version >= '2.7' and python_version not in '3.0, 3.1, 3.2'",
            "version": "==1.17.0"
        },
        "sqlparse": {
            "hashes": [
                "sha256:09f67787f56a0b16ecdbde1bfc7f5d9c3371ca683cfeaa8e6ff60b4807ec9272",
                "sha256:cf2196ed3418f3ba5de6af7e82c694a9fbdbfecccdfc72e281548517081f16ca"
            ],
            "markers": "python_version >= '3.8'",
            "version": "==0.5.3"
        },
        "tzdata": {
            "hashes": [
                "sha256:24894909e88cdb28bd1636c6887801df64cb485bd593f2fd83ef29075a81d694",
                "sha256:7e127113816800496f027041c570f50bcd464a020098a3b6b199517772303639"
            ],
            "markers": "python_version >= '2'",
            "version": "==2025.1"
        },
        "urllib3": {
            "hashes": [
                "sha256:1cee9ad369867bfdbbb48b7dd50374c0967a0bb7710050facf0dd6911440e3df",
                "sha256:f8c5449b3cf0861679ce7e0503c7b44b5ec981bec0d1d3795a07f1ba96f0204d"
            ],
            "markers": "python_version >= '3.9'",
            "version": "==2.3.0"
        }
    },
    "develop": {}
}
